
Microsoft Visual Studio Solution File, Format Version 12.00
# Visual Studio Version 17
VisualStudioVersion = 17.3.32922.545
MinimumVisualStudioVersion = 10.0.40219.1
Project("{FAE04EC0-301F-11D3-BF4B-00C04F79EFBC}") = "PersonalSiteFixed", "PersonalSiteFixed.csproj", "{CCF1E5C5-B387-41C8-A734-30D1801019F4}"
EndProject
Global
	GlobalSection(SolutionConfigurationPlatforms) = preSolution
		Debug|Any CPU = Debug|Any CPU
		Release|Any CPU = Release|Any CPU
	EndGlobalSection
	GlobalSection(ProjectConfigurationPlatforms) = postSolution
		{CCF1E5C5-B387-41C8-A734-30D1801019F4}.Debug|Any CPU.ActiveCfg = Debug|Any CPU
		{CCF1E5C5-B387-41C8-A734-30D1801019F4}.Debug|Any CPU.Build.0 = Debug|Any CPU
		{CCF1E5C5-B387-41C8-A734-30D1801019F4}.Release|Any CPU.ActiveCfg = Release|Any CPU
		{CCF1E5C5-B387-41C8-A734-30D1801019F4}.Release|Any CPU.Build.0 = Release|Any CPU
	EndGlobalSection
	GlobalSection(SolutionProperties) = preSolution
		HideSolutionNode = FALSE
	EndGlobalSection
	GlobalSection(ExtensibilityGlobals) = postSolution
		SolutionGuid = {0882498B-A320-4771-AC16-CA213D1D71D4}
	EndGlobalSection
EndGlobal
